{
  "name": "luxury_report",
  "lockfileVersion": 3,
  "requires": true,
  "packages": {
    "": {
      "dependencies": {
        "market_report": "file:.."
      }
    },
    "..": {
      "name": "market_report",
      "version": "1.0.0",
      "license": "ISC",
      "dependencies": {
        "axios": "^1.11.0",
        "cors": "^2.8.5",
        "dotenv": "^17.2.1",
        "express": "^4.18.0",
        "nodemailer": "^6.9.13",
        "pg": "^8.16.3"
      },
      "devDependencies": {
        "nodemon": "^3.1.10"
      }
    },
    "node_modules/market_report": {
      "resolved": "..",
      "link": true
    }
  }
}
